
Microsoft Visual Studio Solution File, Format Version 12.00
# Visual Studio Version 17
VisualStudioVersion = 17.2.32519.379
MinimumVisualStudioVersion = 10.0.40219.1
Project("{FAE04EC0-301F-11D3-BF4B-00C04F79EFBC}") = "DroneApi", "DroneApi\DroneApi.csproj", "{D74EB1F0-0904-4CA3-AF2D-8FDF8B98FE8B}"
EndProject
Project("{FAE04EC0-301F-11D3-BF4B-00C04F79EFBC}") = "DroneCore", "DroneCore\DroneCore.csproj", "{F63D6E47-416E-4AA8-B1B4-18BD06F7DEA7}"
EndProject
Project("{FAE04EC0-301F-11D3-BF4B-00C04F79EFBC}") = "DroneTest", "DroneTest\DroneTest.csproj", "{8B0E4C80-A1DE-401F-B2C1-43908175CCD2}"
EndProject
Global
	GlobalSection(SolutionConfigurationPlatforms) = preSolution
		Debug|Any CPU = Debug|Any CPU
		Release|Any CPU = Release|Any CPU
	EndGlobalSection
	GlobalSection(ProjectConfigurationPlatforms) = postSolution
		{D74EB1F0-0904-4CA3-AF2D-8FDF8B98FE8B}.Debug|Any CPU.ActiveCfg = Debug|Any CPU
		{D74EB1F0-0904-4CA3-AF2D-8FDF8B98FE8B}.Debug|Any CPU.Build.0 = Debug|Any CPU
		{D74EB1F0-0904-4CA3-AF2D-8FDF8B98FE8B}.Release|Any CPU.ActiveCfg = Release|Any CPU
		{D74EB1F0-0904-4CA3-AF2D-8FDF8B98FE8B}.Release|Any CPU.Build.0 = Release|Any CPU
		{F63D6E47-416E-4AA8-B1B4-18BD06F7DEA7}.Debug|Any CPU.ActiveCfg = Debug|Any CPU
		{F63D6E47-416E-4AA8-B1B4-18BD06F7DEA7}.Debug|Any CPU.Build.0 = Debug|Any CPU
		{F63D6E47-416E-4AA8-B1B4-18BD06F7DEA7}.Release|Any CPU.ActiveCfg = Release|Any CPU
		{F63D6E47-416E-4AA8-B1B4-18BD06F7DEA7}.Release|Any CPU.Build.0 = Release|Any CPU
		{8B0E4C80-A1DE-401F-B2C1-43908175CCD2}.Debug|Any CPU.ActiveCfg = Debug|Any CPU
		{8B0E4C80-A1DE-401F-B2C1-43908175CCD2}.Debug|Any CPU.Build.0 = Debug|Any CPU
		{8B0E4C80-A1DE-401F-B2C1-43908175CCD2}.Release|Any CPU.ActiveCfg = Release|Any CPU
		{8B0E4C80-A1DE-401F-B2C1-43908175CCD2}.Release|Any CPU.Build.0 = Release|Any CPU
	EndGlobalSection
	GlobalSection(SolutionProperties) = preSolution
		HideSolutionNode = FALSE
	EndGlobalSection
	GlobalSection(ExtensibilityGlobals) = postSolution
		SolutionGuid = {AC24CE8A-A62D-4684-8D61-69ED3E623610}
	EndGlobalSection
EndGlobal
